# This file is autogenerated, do not edit; changes may be undone by the next 'dep ensure'.


[[projects]]
  branch = "master"
  digest = "1:1ba1d79f2810270045c328ae5d674321db34e3aae468eb4233883b473c5c0467"
  name = "github.com/golang/glog"
  packages = ["."]
  pruneopts = "UT"
  revision = "23def4e6c14b4da8ac2ed8007337bc5eb5007998"

[[projects]]
  digest = "1:23030db01fff4a96bbcfba65f81e539b414f5e43f747b33e010dce0fa9fa9064"
  name = "github.com/thockin/glogr"
  packages = ["."]
  pruneopts = "UT"
  revision = "7a7f3ced4f9f52e96710761820bd85ed6c400aa5"

[[projects]]
  digest = "1:eb505019e9cbd6dbd068309944b48a4c3fa81e07cc14879986cd1d2b953a46e9"
  name = "github.com/thockin/logr"
  packages = ["."]
  pruneopts = "UT"
  revision = "103d90809f342ce8b186c0bc903a34bc1c8007be"

[solve-meta]
  analyzer-name = "dep"
  analyzer-version = 1
  input-imports = [
    "github.com/thockin/glogr",
    "github.com/thockin/logr",
  ]
  solver-name = "gps-cdcl"
  solver-version = 1
